hash: c92ad4de8a1a98b717418aef63f91675f780db662ff4aa01addf8812a8fd3cba
updated: 2016-12-31T16:41:13.803327891+09:00
imports:
- name: github.com/delphinus/go-dozens
  version: 275d157cb81e47e7615da9d45bcd086d8deb5fc2
  subpackages:
  - endpoint
- name: github.com/mattn/go-isatty
  version: 30a891c33c7cde7b02a981314b4228ec99380cca
- name: github.com/pkg/errors
  version: 645ef00459ed84a119197bfb8d8205042c6df63d
- name: github.com/Songmu/prompter
  version: b5721e8d556682bcef33262731d98a39dee14dc4
- name: github.com/urfave/cli
  version: 0bdeddeeb0f650497d603c4ad7b20cfe685682f6
- name: golang.org/x/crypto
  version: 9b1a210a06ea1176ec1f0a1ddf83ad7463b8ea3e
  subpackages:
  - ssh/terminal
- name: golang.org/x/sys
  version: d75a52659825e75fff6158388dddc6a5b04f9ba5
  subpackages:
  - unix
testImports: []
