hash: e0cdd8f08762cb8bf0836b28e92766ae1805b0ff4b3b1c4377b8818634b81e40
updated: 2017-04-30T17:39:58.615078398+09:00
imports:
- name: github.com/delphinus/go-dozens
  version: 275d157cb81e47e7615da9d45bcd086d8deb5fc2
  subpackages:
  - endpoint
- name: github.com/jpillora/backoff
  version: 06c7a16c845dc8e0bf575fafeeca0f5462f5eb4d
- name: github.com/koron/go-dproxy
  version: 009e1192eaace40a885c5b93c37613b3cae820d6
- name: github.com/mattn/go-isatty
  version: fc9e8d8ef48496124e79ae0df75490096eccf6fe
- name: github.com/pkg/errors
  version: 645ef00459ed84a119197bfb8d8205042c6df63d
- name: github.com/rdegges/go-ipify
  version: 2d94a6a86c4055118cc30fae2aaed47ec01f2210
- name: github.com/Songmu/prompter
  version: b5721e8d556682bcef33262731d98a39dee14dc4
- name: github.com/urfave/cli
  version: 0bdeddeeb0f650497d603c4ad7b20cfe685682f6
- name: golang.org/x/crypto
  version: c7af5bf2638a1164f2eb5467c39c6cffbd13a02e
  subpackages:
  - ssh/terminal
- name: golang.org/x/sys
  version: 9ccfe848b9db8435a24c424abbc07a921adf1df5
  subpackages:
  - unix
testImports:
- name: github.com/jarcoal/httpmock
  version: cf52904a3cf0f78f199ecade6a6df8e245d5b25a
